// !$*UTF8*$!
{
	archiveVersion = 1;
	classes = {
	};
	objectVersion = 56;
	objects = {

/* Begin PBXBuildFile section */
		CA4312262CB54F7C0070F9B4 /* DistanceWidget.swift in Sources */ = {isa = PBXBuildFile; fileRef = CA4312252CB54F7C0070F9B4 /* DistanceWidget.swift */; };
		CA4312282CB6C7180070F9B4 /* FlightsWidget.swift in Sources */ = {isa = PBXBuildFile; fileRef = CA4312272CB6C7180070F9B4 /* FlightsWidget.swift */; };
		CA97A88C2CB41F5100A36B70 /* StrideSyncApp.swift in Sources */ = {isa = PBXBuildFile; fileRef = CA97A88B2CB41F5100A36B70 /* StrideSyncApp.swift */; };
		CA97A88E2CB41F5100A36B70 /* ContentView.swift in Sources */ = {isa = PBXBuildFile; fileRef = CA97A88D2CB41F5100A36B70 /* ContentView.swift */; };
		CA97A8902CB41F5200A36B70 /* Assets.xcassets in Resources */ = {isa = PBXBuildFile; fileRef = CA97A88F2CB41F5200A36B70 /* Assets.xcassets */; };
		CA97A8942CB41F5200A36B70 /* Preview Assets.xcassets in Resources */ = {isa = PBXBuildFile; fileRef = CA97A8932CB41F5200A36B70 /* Preview Assets.xcassets */; };
		CA97A89D2CB4521500A36B70 /* HomeView.swift in Sources */ = {isa = PBXBuildFile; fileRef = CA97A89C2CB4521500A36B70 /* HomeView.swift */; };
		CA97A8A02CB4522D00A36B70 /* HomeViewModel.swift in Sources */ = {isa = PBXBuildFile; fileRef = CA97A89F2CB4522D00A36B70 /* HomeViewModel.swift */; };
		CA97A8A22CB453A000A36B70 /* StepsWidget.swift in Sources */ = {isa = PBXBuildFile; fileRef = CA97A8A12CB453A000A36B70 /* StepsWidget.swift */; };
/* End PBXBuildFile section */

/* Begin PBXFileReference section */
		CA4312252CB54F7C0070F9B4 /* DistanceWidget.swift */ = {isa = PBXFileReference; lastKnownFileType = sourcecode.swift; path = DistanceWidget.swift; sourceTree = "<group>"; };
		CA4312272CB6C7180070F9B4 /* FlightsWidget.swift */ = {isa = PBXFileReference; lastKnownFileType = sourcecode.swift; path = FlightsWidget.swift; sourceTree = "<group>"; };
		CA97A8882CB41F5100A36B70 /* StrideSync.app */ = {isa = PBXFileReference; explicitFileType = wrapper.application; includeInIndex = 0; path = StrideSync.app; sourceTree = BUILT_PRODUCTS_DIR; };
		CA97A88B2CB41F5100A36B70 /* StrideSyncApp.swift */ = {isa = PBXFileReference; lastKnownFileType = sourcecode.swift; path = StrideSyncApp.swift; sourceTree = "<group>"; };
		CA97A88D2CB41F5100A36B70 /* ContentView.swift */ = {isa = PBXFileReference; lastKnownFileType = sourcecode.swift; path = ContentView.swift; sourceTree = "<group>"; };
		CA97A88F2CB41F5200A36B70 /* Assets.xcassets */ = {isa = PBXFileReference; lastKnownFileType = folder.assetcatalog; path = Assets.xcassets; sourceTree = "<group>"; };
		CA97A8912CB41F5200A36B70 /* StrideSync.entitlements */ = {isa = PBXFileReference; lastKnownFileType = text.plist.entitlements; path = StrideSync.entitlements; sourceTree = "<group>"; };
		CA97A8932CB41F5200A36B70 /* Preview Assets.xcassets */ = {isa = PBXFileReference; lastKnownFileType = folder.assetcatalog; path = "Preview Assets.xcassets"; sourceTree = "<group>"; };
		CA97A89C2CB4521500A36B70 /* HomeView.swift */ = {isa = PBXFileReference; lastKnownFileType = sourcecode.swift; path = HomeView.swift; sourceTree = "<group>"; };
		CA97A89F2CB4522D00A36B70 /* HomeViewModel.swift */ = {isa = PBXFileReference; lastKnownFileType = sourcecode.swift; path = HomeViewModel.swift; sourceTree = "<group>"; };
		CA97A8A12CB453A000A36B70 /* StepsWidget.swift */ = {isa = PBXFileReference; lastKnownFileType = sourcecode.swift; path = StepsWidget.swift; sourceTree = "<group>"; };
/* End PBXFileReference section */

/* Begin PBXFrameworksBuildPhase section */
		CA97A8852CB41F5100A36B70 /* Frameworks */ = {
			isa = PBXFrameworksBuildPhase;
			buildActionMask = 2147483647;
			files = (
			);
			runOnlyForDeploymentPostprocessing = 0;
		};
/* End PBXFrameworksBuildPhase section */

/* Begin PBXGroup section */
		CA97A87F2CB41F5100A36B70 = {
			isa = PBXGroup;
			children = (
				CA97A88A2CB41F5100A36B70 /* StrideSync */,
				CA97A8892CB41F5100A36B70 /* Products */,
			);
			sourceTree = "<group>";
		};
		CA97A8892CB41F5100A36B70 /* Products */ = {
			isa = PBXGroup;
			children = (
				CA97A8882CB41F5100A36B70 /* StrideSync.app */,
			);
			name = Products;
			sourceTree = "<group>";
		};
		CA97A88A2CB41F5100A36B70 /* StrideSync */ = {
			isa = PBXGroup;
			children = (
				CA97A89A2CB451DB00A36B70 /* View */,
				CA97A89B2CB451E300A36B70 /* Model */,
				CA97A88B2CB41F5100A36B70 /* StrideSyncApp.swift */,
				CA97A88D2CB41F5100A36B70 /* ContentView.swift */,
				CA97A88F2CB41F5200A36B70 /* Assets.xcassets */,
				CA97A8912CB41F5200A36B70 /* StrideSync.entitlements */,
				CA97A8922CB41F5200A36B70 /* Preview Content */,
			);
			path = StrideSync;
			sourceTree = "<group>";
		};
		CA97A8922CB41F5200A36B70 /* Preview Content */ = {
			isa = PBXGroup;
			children = (
				CA97A8932CB41F5200A36B70 /* Preview Assets.xcassets */,
			);
			path = "Preview Content";
			sourceTree = "<group>";
		};
		CA97A89A2CB451DB00A36B70 /* View */ = {
			isa = PBXGroup;
			children = (
				CA97A89E2CB4521A00A36B70 /* Components */,
				CA97A89C2CB4521500A36B70 /* HomeView.swift */,
				CA97A89F2CB4522D00A36B70 /* HomeViewModel.swift */,
			);
			path = View;
			sourceTree = "<group>";
		};
		CA97A89B2CB451E300A36B70 /* Model */ = {
			isa = PBXGroup;
			children = (
			);
			path = Model;
			sourceTree = "<group>";
		};
		CA97A89E2CB4521A00A36B70 /* Components */ = {
			isa = PBXGroup;
			children = (
				CA97A8A12CB453A000A36B70 /* StepsWidget.swift */,
				CA4312252CB54F7C0070F9B4 /* DistanceWidget.swift */,
				CA4312272CB6C7180070F9B4 /* FlightsWidget.swift */,
			);
			path = Components;
			sourceTree = "<group>";
		};
/* End PBXGroup section */

/* Begin PBXNativeTarget section */
		CA97A8872CB41F5100A36B70 /* StrideSync */ = {
			isa = PBXNativeTarget;
			buildConfigurationList = CA97A8972CB41F5200A36B70 /* Build configuration list for PBXNativeTarget "StrideSync" */;
			buildPhases = (
				CA97A8842CB41F5100A36B70 /* Sources */,
				CA97A8852CB41F5100A36B70 /* Frameworks */,
				CA97A8862CB41F5100A36B70 /* Resources */,
			);
			buildRules = (
			);
			dependencies = (
			);
			name = StrideSync;
			productName = StrideSync;
			productReference = CA97A8882CB41F5100A36B70 /* StrideSync.app */;
			productType = "com.apple.product-type.application";
		};
/* End PBXNativeTarget section */

/* Begin PBXProject section */
		CA97A8802CB41F5100A36B70 /* Project object */ = {
			isa = PBXProject;
			attributes = {
				BuildIndependentTargetsInParallel = 1;
				LastSwiftUpdateCheck = 1520;
				LastUpgradeCheck = 1520;
				TargetAttributes = {
					CA97A8872CB41F5100A36B70 = {
						CreatedOnToolsVersion = 15.2;
					};
				};
			};
			buildConfigurationList = CA97A8832CB41F5100A36B70 /* Build configuration list for PBXProject "StrideSync" */;
			compatibilityVersion = "Xcode 14.0";
			developmentRegion = en;
			hasScannedForEncodings = 0;
			knownRegions = (
				en,
				Base,
			);
			mainGroup = CA97A87F2CB41F5100A36B70;
			productRefGroup = CA97A8892CB41F5100A36B70 /* Products */;
			projectDirPath = "";
			projectRoot = "";
			targets = (
				CA97A8872CB41F5100A36B70 /* StrideSync */,
			);
		};
/* End PBXProject section */

/* Begin PBXResourcesBuildPhase section */
		CA97A8862CB41F5100A36B70 /* Resources */ = {
			isa = PBXResourcesBuildPhase;
			buildActionMask = 2147483647;
			files = (
				CA97A8942CB41F5200A36B70 /* Preview Assets.xcassets in Resources */,
				CA97A8902CB41F5200A36B70 /* Assets.xcassets in Resources */,
			);
			runOnlyForDeploymentPostprocessing = 0;
		};
/* End PBXResourcesBuildPhase section */

/* Begin PBXSourcesBuildPhase section */
		CA97A8842CB41F5100A36B70 /* Sources */ = {
			isa = PBXSourcesBuildPhase;
			buildActionMask = 2147483647;
			files = (
				CA97A89D2CB4521500A36B70 /* HomeView.swift in Sources */,
				CA97A8A22CB453A000A36B70 /* StepsWidget.swift in Sources */,
				CA4312262CB54F7C0070F9B4 /* DistanceWidget.swift in Sources */,
				CA97A88E2CB41F5100A36B70 /* ContentView.swift in Sources */,
				CA97A88C2CB41F5100A36B70 /* StrideSyncApp.swift in Sources */,
				CA4312282CB6C7180070F9B4 /* FlightsWidget.swift in Sources */,
				CA97A8A02CB4522D00A36B70 /* HomeViewModel.swift in Sources */,
			);
			runOnlyForDeploymentPostprocessing = 0;
		};
/* End PBXSourcesBuildPhase section */

/* Begin XCBuildConfiguration section */
		CA97A8952CB41F5200A36B70 /* Debug */ = {
			isa = XCBuildConfiguration;
			buildSettings = {
				ALWAYS_SEARCH_USER_PATHS = NO;
				ASSETCATALOG_COMPILER_GENERATE_SWIFT_ASSET_SYMBOL_EXTENSIONS = YES;
				CLANG_ANALYZER_NONNULL = YES;
				CLANG_ANALYZER_NUMBER_OBJECT_CONVERSION = YES_AGGRESSIVE;
				CLANG_CXX_LANGUAGE_STANDARD = "gnu++20";
				CLANG_ENABLE_MODULES = YES;
				CLANG_ENABLE_OBJC_ARC = YES;
				CLANG_ENABLE_OBJC_WEAK = YES;
				CLANG_WARN_BLOCK_CAPTURE_AUTORELEASING = YES;
				CLANG_WARN_BOOL_CONVERSION = YES;
				CLANG_WARN_COMMA = YES;
				CLANG_WARN_CONSTANT_CONVERSION = YES;
				CLANG_WARN_DEPRECATED_OBJC_IMPLEMENTATIONS = YES;
				CLANG_WARN_DIRECT_OBJC_ISA_USAGE = YES_ERROR;
				CLANG_WARN_DOCUMENTATION_COMMENTS = YES;
				CLANG_WARN_EMPTY_BODY = YES;
				CLANG_WARN_ENUM_CONVERSION = YES;
				CLANG_WARN_INFINITE_RECURSION = YES;
				CLANG_WARN_INT_CONVERSION = YES;
				CLANG_WARN_NON_LITERAL_NULL_CONVERSION = YES;
				CLANG_WARN_OBJC_IMPLICIT_RETAIN_SELF = YES;
				CLANG_WARN_OBJC_LITERAL_CONVERSION = YES;
				CLANG_WARN_OBJC_ROOT_CLASS = YES_ERROR;
				CLANG_WARN_QUOTED_INCLUDE_IN_FRAMEWORK_HEADER = YES;
				CLANG_WARN_RANGE_LOOP_ANALYSIS = YES;
				CLANG_WARN_STRICT_PROTOTYPES = YES;
				CLANG_WARN_SUSPICIOUS_MOVE = YES;
				CLANG_WARN_UNGUARDED_AVAILABILITY = YES_AGGRESSIVE;
				CLANG_WARN_UNREACHABLE_CODE = YES;
				CLANG_WARN__DUPLICATE_METHOD_MATCH = YES;
				COPY_PHASE_STRIP = NO;
				DEBUG_INFORMATION_FORMAT = dwarf;
				ENABLE_STRICT_OBJC_MSGSEND = YES;
				ENABLE_TESTABILITY = YES;
				ENABLE_USER_SCRIPT_SANDBOXING = YES;
				GCC_C_LANGUAGE_STANDARD = gnu17;
				GCC_DYNAMIC_NO_PIC = NO;
				GCC_NO_COMMON_BLOCKS = YES;
				GCC_OPTIMIZATION_LEVEL = 0;
				GCC_PREPROCESSOR_DEFINITIONS = (
					"DEBUG=1",
					"$(inherited)",
				);
				GCC_WARN_64_TO_32_BIT_CONVERSION = YES;
				GCC_WARN_ABOUT_RETURN_TYPE = YES_ERROR;
				GCC_WARN_UNDECLARED_SELECTOR = YES;
				GCC_WARN_UNINITIALIZED_AUTOS = YES_AGGRESSIVE;
				GCC_WARN_UNUSED_FUNCTION = YES;
				GCC_WARN_UNUSED_VARIABLE = YES;
				LOCALIZATION_PREFERS_STRING_CATALOGS = YES;
				MTL_ENABLE_DEBUG_INFO = INCLUDE_SOURCE;
				MTL_FAST_MATH = YES;
				ONLY_ACTIVE_ARCH = YES;
				SWIFT_ACTIVE_COMPILATION_CONDITIONS = "DEBUG $(inherited)";
				SWIFT_OPTIMIZATION_LEVEL = "-Onone";
			};
			name = Debug;
		};
		CA97A8962CB41F5200A36B70 /* Release */ = {
			isa = XCBuildConfiguration;
			buildSettings = {
				ALWAYS_SEARCH_USER_PATHS = NO;
				ASSETCATALOG_COMPILER_GENERATE_SWIFT_ASSET_SYMBOL_EXTENSIONS = YES;
				CLANG_ANALYZER_NONNULL = YES;
				CLANG_ANALYZER_NUMBER_OBJECT_CONVERSION = YES_AGGRESSIVE;
				CLANG_CXX_LANGUAGE_STANDARD = "gnu++20";
				CLANG_ENABLE_MODULES = YES;
				CLANG_ENABLE_OBJC_ARC = YES;
				CLANG_ENABLE_OBJC_WEAK = YES;
				CLANG_WARN_BLOCK_CAPTURE_AUTORELEASING = YES;
				CLANG_WARN_BOOL_CONVERSION = YES;
				CLANG_WARN_COMMA = YES;
				CLANG_WARN_CONSTANT_CONVERSION = YES;
				CLANG_WARN_DEPRECATED_OBJC_IMPLEMENTATIONS = YES;
				CLANG_WARN_DIRECT_OBJC_ISA_USAGE = YES_ERROR;
				CLANG_WARN_DOCUMENTATION_COMMENTS = YES;
				CLANG_WARN_EMPTY_BODY = YES;
				CLANG_WARN_ENUM_CONVERSION = YES;
				CLANG_WARN_INFINITE_RECURSION = YES;
				CLANG_WARN_INT_CONVERSION = YES;
				CLANG_WARN_NON_LITERAL_NULL_CONVERSION = YES;
				CLANG_WARN_OBJC_IMPLICIT_RETAIN_SELF = YES;
				CLANG_WARN_OBJC_LITERAL_CONVERSION = YES;
				CLANG_WARN_OBJC_ROOT_CLASS = YES_ERROR;
				CLANG_WARN_QUOTED_INCLUDE_IN_FRAMEWORK_HEADER = YES;
				CLANG_WARN_RANGE_LOOP_ANALYSIS = YES;
				CLANG_WARN_STRICT_PROTOTYPES = YES;
				CLANG_WARN_SUSPICIOUS_MOVE = YES;
				CLANG_WARN_UNGUARDED_AVAILABILITY = YES_AGGRESSIVE;
				CLANG_WARN_UNREACHABLE_CODE = YES;
				CLANG_WARN__DUPLICATE_METHOD_MATCH = YES;
				COPY_PHASE_STRIP = NO;
				DEBUG_INFORMATION_FORMAT = "dwarf-with-dsym";
				ENABLE_NS_ASSERTIONS = NO;
				ENABLE_STRICT_OBJC_MSGSEND = YES;
				ENABLE_USER_SCRIPT_SANDBOXING = YES;
				GCC_C_LANGUAGE_STANDARD = gnu17;
				GCC_NO_COMMON_BLOCKS = YES;
				GCC_WARN_64_TO_32_BIT_CONVERSION = YES;
				GCC_WARN_ABOUT_RETURN_TYPE = YES_ERROR;
				GCC_WARN_UNDECLARED_SELECTOR = YES;
				GCC_WARN_UNINITIALIZED_AUTOS = YES_AGGRESSIVE;
				GCC_WARN_UNUSED_FUNCTION = YES;
				GCC_WARN_UNUSED_VARIABLE = YES;
				LOCALIZATION_PREFERS_STRING_CATALOGS = YES;
				MTL_ENABLE_DEBUG_INFO = NO;
				MTL_FAST_MATH = YES;
				SWIFT_COMPILATION_MODE = wholemodule;
			};
			name = Release;
		};
		CA97A8982CB41F5200A36B70 /* Debug */ = {
			isa = XCBuildConfiguration;
			buildSettings = {
				ASSETCATALOG_COMPILER_APPICON_NAME = AppIcon;
				ASSETCATALOG_COMPILER_GLOBAL_ACCENT_COLOR_NAME = AccentColor;
				CODE_SIGN_ENTITLEMENTS = StrideSync/StrideSync.entitlements;
				CODE_SIGN_STYLE = Automatic;
				CURRENT_PROJECT_VERSION = 1;
				DEVELOPMENT_ASSET_PATHS = "\"StrideSync/Preview Content\"";
				DEVELOPMENT_TEAM = 3HRQXW5DML;
				ENABLE_HARDENED_RUNTIME = YES;
				ENABLE_PREVIEWS = YES;
				GENERATE_INFOPLIST_FILE = YES;
				INFOPLIST_KEY_NSHealthShareUsageDescription = "We need you health data to properly display it within the app";
				"INFOPLIST_KEY_UIApplicationSceneManifest_Generation[sdk=iphoneos*]" = YES;
				"INFOPLIST_KEY_UIApplicationSceneManifest_Generation[sdk=iphonesimulator*]" = YES;
				"INFOPLIST_KEY_UIApplicationSupportsIndirectInputEvents[sdk=iphoneos*]" = YES;
				"INFOPLIST_KEY_UIApplicationSupportsIndirectInputEvents[sdk=iphonesimulator*]" = YES;
				"INFOPLIST_KEY_UILaunchScreen_Generation[sdk=iphoneos*]" = YES;
				"INFOPLIST_KEY_UILaunchScreen_Generation[sdk=iphonesimulator*]" = YES;
				"INFOPLIST_KEY_UIStatusBarStyle[sdk=iphoneos*]" = UIStatusBarStyleDefault;
				"INFOPLIST_KEY_UIStatusBarStyle[sdk=iphonesimulator*]" = UIStatusBarStyleDefault;
				INFOPLIST_KEY_UISupportedInterfaceOrientations_iPad = "UIInterfaceOrientationPortrait UIInterfaceOrientationPortraitUpsideDown UIInterfaceOrientationLandscapeLeft UIInterfaceOrientationLandscapeRight";
				INFOPLIST_KEY_UISupportedInterfaceOrientations_iPhone = "UIInterfaceOrientationPortrait UIInterfaceOrientationLandscapeLeft UIInterfaceOrientationLandscapeRight";
				IPHONEOS_DEPLOYMENT_TARGET = 17.2;
				LD_RUNPATH_SEARCH_PATHS = "@executable_path/Frameworks";
				"LD_RUNPATH_SEARCH_PATHS[sdk=macosx*]" = "@executable_path/../Frameworks";
				MACOSX_DEPLOYMENT_TARGET = 14.2;
				MARKETING_VERSION = 1.0;
				PRODUCT_BUNDLE_IDENTIFIER = com.basgallop.StrideSync;
				PRODUCT_NAME = "$(TARGET_NAME)";
				SDKROOT = auto;
				SUPPORTED_PLATFORMS = "iphoneos iphonesimulator macosx";
				SWIFT_EMIT_LOC_STRINGS = YES;
				SWIFT_VERSION = 5.0;
				TARGETED_DEVICE_FAMILY = "1,2";
			};
			name = Debug;
		};
		CA97A8992CB41F5200A36B70 /* Release */ = {
			isa = XCBuildConfiguration;
			buildSettings = {
				ASSETCATALOG_COMPILER_APPICON_NAME = AppIcon;
				ASSETCATALOG_COMPILER_GLOBAL_ACCENT_COLOR_NAME = AccentColor;
				CODE_SIGN_ENTITLEMENTS = StrideSync/StrideSync.entitlements;
				CODE_SIGN_STYLE = Automatic;
				CURRENT_PROJECT_VERSION = 1;
				DEVELOPMENT_ASSET_PATHS = "\"StrideSync/Preview Content\"";
				DEVELOPMENT_TEAM = 3HRQXW5DML;
				ENABLE_HARDENED_RUNTIME = YES;
				ENABLE_PREVIEWS = YES;
				GENERATE_INFOPLIST_FILE = YES;
				INFOPLIST_KEY_NSHealthShareUsageDescription = "We need you health data to properly display it within the app";
				"INFOPLIST_KEY_UIApplicationSceneManifest_Generation[sdk=iphoneos*]" = YES;
				"INFOPLIST_KEY_UIApplicationSceneManifest_Generation[sdk=iphonesimulator*]" = YES;
				"INFOPLIST_KEY_UIApplicationSupportsIndirectInputEvents[sdk=iphoneos*]" = YES;
				"INFOPLIST_KEY_UIApplicationSupportsIndirectInputEvents[sdk=iphonesimulator*]" = YES;
				"INFOPLIST_KEY_UILaunchScreen_Generation[sdk=iphoneos*]" = YES;
				"INFOPLIST_KEY_UILaunchScreen_Generation[sdk=iphonesimulator*]" = YES;
				"INFOPLIST_KEY_UIStatusBarStyle[sdk=iphoneos*]" = UIStatusBarStyleDefault;
				"INFOPLIST_KEY_UIStatusBarStyle[sdk=iphonesimulator*]" = UIStatusBarStyleDefault;
				INFOPLIST_KEY_UISupportedInterfaceOrientations_iPad = "UIInterfaceOrientationPortrait UIInterfaceOrientationPortraitUpsideDown UIInterfaceOrientationLandscapeLeft UIInterfaceOrientationLandscapeRight";
				INFOPLIST_KEY_UISupportedInterfaceOrientations_iPhone = "UIInterfaceOrientationPortrait UIInterfaceOrientationLandscapeLeft UIInterfaceOrientationLandscapeRight";
				IPHONEOS_DEPLOYMENT_TARGET = 17.2;
				LD_RUNPATH_SEARCH_PATHS = "@executable_path/Frameworks";
				"LD_RUNPATH_SEARCH_PATHS[sdk=macosx*]" = "@executable_path/../Frameworks";
				MACOSX_DEPLOYMENT_TARGET = 14.2;
				MARKETING_VERSION = 1.0;
				PRODUCT_BUNDLE_IDENTIFIER = com.basgallop.StrideSync;
				PRODUCT_NAME = "$(TARGET_NAME)";
				SDKROOT = auto;
				SUPPORTED_PLATFORMS = "iphoneos iphonesimulator macosx";
				SWIFT_EMIT_LOC_STRINGS = YES;
				SWIFT_VERSION = 5.0;
				TARGETED_DEVICE_FAMILY = "1,2";
			};
			name = Release;
		};
/* End XCBuildConfiguration section */

/* Begin XCConfigurationList section */
		CA97A8832CB41F5100A36B70 /* Build configuration list for PBXProject "StrideSync" */ = {
			isa = XCConfigurationList;
			buildConfigurations = (
				CA97A8952CB41F5200A36B70 /* Debug */,
				CA97A8962CB41F5200A36B70 /* Release */,
			);
			defaultConfigurationIsVisible = 0;
			defaultConfigurationName = Release;
		};
		CA97A8972CB41F5200A36B70 /* Build configuration list for PBXNativeTarget "StrideSync" */ = {
			isa = XCConfigurationList;
			buildConfigurations = (
				CA97A8982CB41F5200A36B70 /* Debug */,
				CA97A8992CB41F5200A36B70 /* Release */,
			);
			defaultConfigurationIsVisible = 0;
			defaultConfigurationName = Release;
		};
/* End XCConfigurationList section */
	};
	rootObject = CA97A8802CB41F5100A36B70 /* Project object */;
}
